
Microsoft Visual Studio Solution File, Format Version 12.00
# Visual Studio Version 17
VisualStudioVersion = 17.14.36915.13
MinimumVisualStudioVersion = 10.0.40219.1
Project("{2150E333-8FDC-42A3-9474-1A3956D46DE8}") = "Gateway", "Gateway", "{02EA681E-C7D8-13C7-8484-4AC65E1B71E8}"
EndProject
Project("{2150E333-8FDC-42A3-9474-1A3956D46DE8}") = "Services", "Services", "{016EE895-66CD-4B58-9E6C-D41A7684F3CC}"
EndProject
Project("{FAE04EC0-301F-11D3-BF4B-00C04F79EFBC}") = "WalletManagement.Gateway", "Gateway\WalletManagement.Gateway\WalletManagement.Gateway.csproj", "{D7F1BADF-FF7D-42CB-95AD-E6E3596D6A36}"
EndProject
Project("{2150E333-8FDC-42A3-9474-1A3956D46DE8}") = "Wallet", "Wallet", "{14DBD585-4200-4674-9667-08ECFA80768E}"
EndProject
Project("{2150E333-8FDC-42A3-9474-1A3956D46DE8}") = "Customer", "Customer", "{F479774E-09A1-4D3F-846D-88E8B1A111C4}"
EndProject
Project("{2150E333-8FDC-42A3-9474-1A3956D46DE8}") = "Core", "Core", "{7B97E4E6-A9D2-4ECF-A138-02D816FB7A32}"
EndProject
Project("{2150E333-8FDC-42A3-9474-1A3956D46DE8}") = "Infrastructure", "Infrastructure", "{B8AE0C7E-FB79-45E7-BB9F-B0106D07CE2E}"
EndProject
Project("{2150E333-8FDC-42A3-9474-1A3956D46DE8}") = "Presentation", "Presentation", "{C04A4EAB-3B6E-4D07-89E3-291BA2375AAC}"
EndProject
Project("{2150E333-8FDC-42A3-9474-1A3956D46DE8}") = "Core", "Core", "{3B11B62F-9FC8-4AB9-ABDF-B7C5CA784A8B}"
EndProject
Project("{2150E333-8FDC-42A3-9474-1A3956D46DE8}") = "Infrastructure", "Infrastructure", "{031C2792-4A36-446C-8F00-49FEC9E87B64}"
EndProject
Project("{2150E333-8FDC-42A3-9474-1A3956D46DE8}") = "Presentation", "Presentation", "{24CF046B-47D9-41E7-A765-BB39A921EF13}"
EndProject
Project("{FAE04EC0-301F-11D3-BF4B-00C04F79EFBC}") = "Wallet.Domain", "Services\Wallet\Core\Wallet.Domain\Wallet.Domain.csproj", "{FEA62AEA-CE68-487F-B691-B952385F14C4}"
EndProject
Project("{FAE04EC0-301F-11D3-BF4B-00C04F79EFBC}") = "Customer.Domain", "Services\Customer\Core\Customer.Domain\Customer.Domain.csproj", "{D268A645-73CB-471C-B981-399D7B1F62CA}"
EndProject
Project("{FAE04EC0-301F-11D3-BF4B-00C04F79EFBC}") = "Customer.Contract", "Services\Customer\Core\Customer.Contract\Customer.Contract.csproj", "{4324DA14-10BA-40C1-95CB-7C3BEE470AC2}"
EndProject
Project("{FAE04EC0-301F-11D3-BF4B-00C04F79EFBC}") = "Customer.Application", "Services\Customer\Core\Customer.Application\Customer.Application.csproj", "{3A4508AA-F606-47F8-B2BF-A351D37797BD}"
EndProject
Project("{FAE04EC0-301F-11D3-BF4B-00C04F79EFBC}") = "Customer.InnerInfrastructure", "Services\Customer\Infrastructure\Customer.InnerInfrastructure\Customer.InnerInfrastructure.csproj", "{47C923C4-52DE-4C2D-A617-6C2FEF75CC6C}"
EndProject
Project("{FAE04EC0-301F-11D3-BF4B-00C04F79EFBC}") = "Customer.Persistence", "Services\Customer\Infrastructure\Customer.Persistence\Customer.Persistence.csproj", "{3B0F9322-839B-43DB-813F-644B747062A3}"
EndProject
Project("{FAE04EC0-301F-11D3-BF4B-00C04F79EFBC}") = "Wallet.Contract", "Services\Wallet\Core\Wallet.Contract\Wallet.Contract.csproj", "{AF6E2ED1-79E2-45DD-BAA0-56A6D79E1C54}"
EndProject
Project("{FAE04EC0-301F-11D3-BF4B-00C04F79EFBC}") = "Wallet.Application", "Services\Wallet\Core\Wallet.Application\Wallet.Application.csproj", "{796C6CF0-D64C-440A-B91D-2F7CB52AFDA8}"
EndProject
Project("{FAE04EC0-301F-11D3-BF4B-00C04F79EFBC}") = "Wallet.InnerInfrastructure", "Services\Wallet\Infrastructure\Wallet.InnerInfrastructure\Wallet.InnerInfrastructure.csproj", "{7C23733A-EDF7-49F4-8816-0B4E8516891B}"
EndProject
Project("{FAE04EC0-301F-11D3-BF4B-00C04F79EFBC}") = "Wallet.Persistence", "Services\Wallet\Infrastructure\Wallet.Persistence\Wallet.Persistence.csproj", "{2B08BCC3-18B3-40AA-BFD9-CDE9F09FC1BD}"
EndProject
Project("{FAE04EC0-301F-11D3-BF4B-00C04F79EFBC}") = "Wallet.WebAPI", "Services\Wallet\Presentation\Wallet.WebAPI\Wallet.WebAPI.csproj", "{4F819F7A-7962-453A-9BD3-0D0F71D18B23}"
EndProject
Project("{FAE04EC0-301F-11D3-BF4B-00C04F79EFBC}") = "Customer.WebAPI", "Services\Customer\Presentation\Customer.WebAPI\Customer.WebAPI.csproj", "{FD30EDF6-82CC-46FE-AE84-DF9295EC40AA}"
EndProject
Global
	GlobalSection(SolutionConfigurationPlatforms) = preSolution
		Debug|Any CPU = Debug|Any CPU
		Release|Any CPU = Release|Any CPU
	EndGlobalSection
	GlobalSection(ProjectConfigurationPlatforms) = postSolution
		{D7F1BADF-FF7D-42CB-95AD-E6E3596D6A36}.Debug|Any CPU.ActiveCfg = Debug|Any CPU
		{D7F1BADF-FF7D-42CB-95AD-E6E3596D6A36}.Debug|Any CPU.Build.0 = Debug|Any CPU
		{D7F1BADF-FF7D-42CB-95AD-E6E3596D6A36}.Release|Any CPU.ActiveCfg = Release|Any CPU
		{D7F1BADF-FF7D-42CB-95AD-E6E3596D6A36}.Release|Any CPU.Build.0 = Release|Any CPU
		{FEA62AEA-CE68-487F-B691-B952385F14C4}.Debug|Any CPU.ActiveCfg = Debug|Any CPU
		{FEA62AEA-CE68-487F-B691-B952385F14C4}.Debug|Any CPU.Build.0 = Debug|Any CPU
		{FEA62AEA-CE68-487F-B691-B952385F14C4}.Release|Any CPU.ActiveCfg = Release|Any CPU
		{FEA62AEA-CE68-487F-B691-B952385F14C4}.Release|Any CPU.Build.0 = Release|Any CPU
		{D268A645-73CB-471C-B981-399D7B1F62CA}.Debug|Any CPU.ActiveCfg = Debug|Any CPU
		{D268A645-73CB-471C-B981-399D7B1F62CA}.Debug|Any CPU.Build.0 = Debug|Any CPU
		{D268A645-73CB-471C-B981-399D7B1F62CA}.Release|Any CPU.ActiveCfg = Release|Any CPU
		{D268A645-73CB-471C-B981-399D7B1F62CA}.Release|Any CPU.Build.0 = Release|Any CPU
		{4324DA14-10BA-40C1-95CB-7C3BEE470AC2}.Debug|Any CPU.ActiveCfg = Debug|Any CPU
		{4324DA14-10BA-40C1-95CB-7C3BEE470AC2}.Debug|Any CPU.Build.0 = Debug|Any CPU
		{4324DA14-10BA-40C1-95CB-7C3BEE470AC2}.Release|Any CPU.ActiveCfg = Release|Any CPU
		{4324DA14-10BA-40C1-95CB-7C3BEE470AC2}.Release|Any CPU.Build.0 = Release|Any CPU
		{3A4508AA-F606-47F8-B2BF-A351D37797BD}.Debug|Any CPU.ActiveCfg = Debug|Any CPU
		{3A4508AA-F606-47F8-B2BF-A351D37797BD}.Debug|Any CPU.Build.0 = Debug|Any CPU
		{3A4508AA-F606-47F8-B2BF-A351D37797BD}.Release|Any CPU.ActiveCfg = Release|Any CPU
		{3A4508AA-F606-47F8-B2BF-A351D37797BD}.Release|Any CPU.Build.0 = Release|Any CPU
		{47C923C4-52DE-4C2D-A617-6C2FEF75CC6C}.Debug|Any CPU.ActiveCfg = Debug|Any CPU
		{47C923C4-52DE-4C2D-A617-6C2FEF75CC6C}.Debug|Any CPU.Build.0 = Debug|Any CPU
		{47C923C4-52DE-4C2D-A617-6C2FEF75CC6C}.Release|Any CPU.ActiveCfg = Release|Any CPU
		{47C923C4-52DE-4C2D-A617-6C2FEF75CC6C}.Release|Any CPU.Build.0 = Release|Any CPU
		{3B0F9322-839B-43DB-813F-644B747062A3}.Debug|Any CPU.ActiveCfg = Debug|Any CPU
		{3B0F9322-839B-43DB-813F-644B747062A3}.Debug|Any CPU.Build.0 = Debug|Any CPU
		{3B0F9322-839B-43DB-813F-644B747062A3}.Release|Any CPU.ActiveCfg = Release|Any CPU
		{3B0F9322-839B-43DB-813F-644B747062A3}.Release|Any CPU.Build.0 = Release|Any CPU
		{AF6E2ED1-79E2-45DD-BAA0-56A6D79E1C54}.Debug|Any CPU.ActiveCfg = Debug|Any CPU
		{AF6E2ED1-79E2-45DD-BAA0-56A6D79E1C54}.Debug|Any CPU.Build.0 = Debug|Any CPU
		{AF6E2ED1-79E2-45DD-BAA0-56A6D79E1C54}.Release|Any CPU.ActiveCfg = Release|Any CPU
		{AF6E2ED1-79E2-45DD-BAA0-56A6D79E1C54}.Release|Any CPU.Build.0 = Release|Any CPU
		{796C6CF0-D64C-440A-B91D-2F7CB52AFDA8}.Debug|Any CPU.ActiveCfg = Debug|Any CPU
		{796C6CF0-D64C-440A-B91D-2F7CB52AFDA8}.Debug|Any CPU.Build.0 = Debug|Any CPU
		{796C6CF0-D64C-440A-B91D-2F7CB52AFDA8}.Release|Any CPU.ActiveCfg = Release|Any CPU
		{796C6CF0-D64C-440A-B91D-2F7CB52AFDA8}.Release|Any CPU.Build.0 = Release|Any CPU
		{7C23733A-EDF7-49F4-8816-0B4E8516891B}.Debug|Any CPU.ActiveCfg = Debug|Any CPU
		{7C23733A-EDF7-49F4-8816-0B4E8516891B}.Debug|Any CPU.Build.0 = Debug|Any CPU
		{7C23733A-EDF7-49F4-8816-0B4E8516891B}.Release|Any CPU.ActiveCfg = Release|Any CPU
		{7C23733A-EDF7-49F4-8816-0B4E8516891B}.Release|Any CPU.Build.0 = Release|Any CPU
		{2B08BCC3-18B3-40AA-BFD9-CDE9F09FC1BD}.Debug|Any CPU.ActiveCfg = Debug|Any CPU
		{2B08BCC3-18B3-40AA-BFD9-CDE9F09FC1BD}.Debug|Any CPU.Build.0 = Debug|Any CPU
		{2B08BCC3-18B3-40AA-BFD9-CDE9F09FC1BD}.Release|Any CPU.ActiveCfg = Release|Any CPU
		{2B08BCC3-18B3-40AA-BFD9-CDE9F09FC1BD}.Release|Any CPU.Build.0 = Release|Any CPU
		{4F819F7A-7962-453A-9BD3-0D0F71D18B23}.Debug|Any CPU.ActiveCfg = Debug|Any CPU
		{4F819F7A-7962-453A-9BD3-0D0F71D18B23}.Debug|Any CPU.Build.0 = Debug|Any CPU
		{4F819F7A-7962-453A-9BD3-0D0F71D18B23}.Release|Any CPU.ActiveCfg = Release|Any CPU
		{4F819F7A-7962-453A-9BD3-0D0F71D18B23}.Release|Any CPU.Build.0 = Release|Any CPU
		{FD30EDF6-82CC-46FE-AE84-DF9295EC40AA}.Debug|Any CPU.ActiveCfg = Debug|Any CPU
		{FD30EDF6-82CC-46FE-AE84-DF9295EC40AA}.Debug|Any CPU.Build.0 = Debug|Any CPU
		{FD30EDF6-82CC-46FE-AE84-DF9295EC40AA}.Release|Any CPU.ActiveCfg = Release|Any CPU
		{FD30EDF6-82CC-46FE-AE84-DF9295EC40AA}.Release|Any CPU.Build.0 = Release|Any CPU
	EndGlobalSection
	GlobalSection(SolutionProperties) = preSolution
		HideSolutionNode = FALSE
	EndGlobalSection
	GlobalSection(NestedProjects) = preSolution
		{D7F1BADF-FF7D-42CB-95AD-E6E3596D6A36} = {02EA681E-C7D8-13C7-8484-4AC65E1B71E8}
		{14DBD585-4200-4674-9667-08ECFA80768E} = {016EE895-66CD-4B58-9E6C-D41A7684F3CC}
		{F479774E-09A1-4D3F-846D-88E8B1A111C4} = {016EE895-66CD-4B58-9E6C-D41A7684F3CC}
		{7B97E4E6-A9D2-4ECF-A138-02D816FB7A32} = {F479774E-09A1-4D3F-846D-88E8B1A111C4}
		{B8AE0C7E-FB79-45E7-BB9F-B0106D07CE2E} = {F479774E-09A1-4D3F-846D-88E8B1A111C4}
		{C04A4EAB-3B6E-4D07-89E3-291BA2375AAC} = {F479774E-09A1-4D3F-846D-88E8B1A111C4}
		{3B11B62F-9FC8-4AB9-ABDF-B7C5CA784A8B} = {14DBD585-4200-4674-9667-08ECFA80768E}
		{031C2792-4A36-446C-8F00-49FEC9E87B64} = {14DBD585-4200-4674-9667-08ECFA80768E}
		{24CF046B-47D9-41E7-A765-BB39A921EF13} = {14DBD585-4200-4674-9667-08ECFA80768E}
		{FEA62AEA-CE68-487F-B691-B952385F14C4} = {3B11B62F-9FC8-4AB9-ABDF-B7C5CA784A8B}
		{D268A645-73CB-471C-B981-399D7B1F62CA} = {7B97E4E6-A9D2-4ECF-A138-02D816FB7A32}
		{4324DA14-10BA-40C1-95CB-7C3BEE470AC2} = {7B97E4E6-A9D2-4ECF-A138-02D816FB7A32}
		{3A4508AA-F606-47F8-B2BF-A351D37797BD} = {7B97E4E6-A9D2-4ECF-A138-02D816FB7A32}
		{47C923C4-52DE-4C2D-A617-6C2FEF75CC6C} = {B8AE0C7E-FB79-45E7-BB9F-B0106D07CE2E}
		{3B0F9322-839B-43DB-813F-644B747062A3} = {B8AE0C7E-FB79-45E7-BB9F-B0106D07CE2E}
		{AF6E2ED1-79E2-45DD-BAA0-56A6D79E1C54} = {3B11B62F-9FC8-4AB9-ABDF-B7C5CA784A8B}
		{796C6CF0-D64C-440A-B91D-2F7CB52AFDA8} = {3B11B62F-9FC8-4AB9-ABDF-B7C5CA784A8B}
		{7C23733A-EDF7-49F4-8816-0B4E8516891B} = {031C2792-4A36-446C-8F00-49FEC9E87B64}
		{2B08BCC3-18B3-40AA-BFD9-CDE9F09FC1BD} = {031C2792-4A36-446C-8F00-49FEC9E87B64}
		{4F819F7A-7962-453A-9BD3-0D0F71D18B23} = {24CF046B-47D9-41E7-A765-BB39A921EF13}
		{FD30EDF6-82CC-46FE-AE84-DF9295EC40AA} = {C04A4EAB-3B6E-4D07-89E3-291BA2375AAC}
	EndGlobalSection
	GlobalSection(ExtensibilityGlobals) = postSolution
		SolutionGuid = {C00602B1-8863-4478-AC7C-280B1BA151FC}
	EndGlobalSection
EndGlobal
