
Microsoft Visual Studio Solution File, Format Version 12.00
# Visual Studio Version 17
VisualStudioVersion = 17.14.36915.13
MinimumVisualStudioVersion = 10.0.40219.1
Project("{FAE04EC0-301F-11D3-BF4B-00C04F79EFBC}") = "Customer.WebAPI", "Customer\Api\Customer.WebAPI\Customer.WebAPI.csproj", "{3789CA42-13BF-CAF6-5DDE-52DD3E2E41F3}"
EndProject
Project("{FAE04EC0-301F-11D3-BF4B-00C04F79EFBC}") = "Customer.Domain", "Customer\Core\Customer.Domain\Customer.Domain.csproj", "{65C480A0-9014-9EDA-77DC-35AAAA8BFEEC}"
EndProject
Project("{FAE04EC0-301F-11D3-BF4B-00C04F79EFBC}") = "Customer.Contract", "Customer\Core\Customer.Contract\Customer.Contract.csproj", "{B0814599-9369-081D-8910-3AC2E9644BFB}"
EndProject
Project("{FAE04EC0-301F-11D3-BF4B-00C04F79EFBC}") = "Customer.Application", "Customer\Core\Customer.Application\Customer.Application.csproj", "{76FBF44D-41B0-27B2-A295-FF68AAE5A898}"
EndProject
Project("{FAE04EC0-301F-11D3-BF4B-00C04F79EFBC}") = "Customer.Persistence", "Customer\Infrastructure\Customer.Persistence\Customer.Persistence.csproj", "{2A448125-7C07-A651-F19F-4586243BCE9E}"
EndProject
Project("{FAE04EC0-301F-11D3-BF4B-00C04F79EFBC}") = "Customer.InnerInfrastructure", "Customer\Infrastructure\Customer.InnerInfrastructure\Customer.InnerInfrastructure.csproj", "{B62E96EA-83C6-6A1C-16A9-EFA2CED44C34}"
EndProject
Project("{2150E333-8FDC-42A3-9474-1A3956D46DE8}") = "Api", "Api", "{02EA681E-C7D8-13C7-8484-4AC65E1B71E8}"
EndProject
Project("{2150E333-8FDC-42A3-9474-1A3956D46DE8}") = "Core", "Core", "{93B976C1-46DF-4196-A4AC-2A6AAAE42B86}"
EndProject
Project("{2150E333-8FDC-42A3-9474-1A3956D46DE8}") = "Infrastructure", "Infrastructure", "{4B8467A1-B1BF-4715-B088-BCBB1F424925}"
EndProject
Project("{2150E333-8FDC-42A3-9474-1A3956D46DE8}") = "Customer", "Customer", "{2AB541B2-020B-4FBC-AA4C-E2521BAB3FB8}"
EndProject
Project("{2150E333-8FDC-42A3-9474-1A3956D46DE8}") = "Wallet", "Wallet", "{803DA18B-B260-4A69-AF2E-3AC8616FF420}"
EndProject
Project("{2150E333-8FDC-42A3-9474-1A3956D46DE8}") = "Gateway", "Gateway", "{113B9C5C-67C4-477D-9BE0-96D852BA058D}"
EndProject
Project("{FAE04EC0-301F-11D3-BF4B-00C04F79EFBC}") = "WM.Gateway", "Gateway\WM.Gateway\WM.Gateway.csproj", "{D83AF72C-B577-4E83-FC8E-20D57B841E48}"
EndProject
Project("{FAE04EC0-301F-11D3-BF4B-00C04F79EFBC}") = "Wallet.WebAPI", "Wallet\Api\Wallet.WebAPI\Wallet.WebAPI.csproj", "{57BB5E65-3C98-D702-4EA8-AB8306B3D898}"
EndProject
Project("{FAE04EC0-301F-11D3-BF4B-00C04F79EFBC}") = "Wallet.Domain", "Wallet\Core\Wallet.Domain\Wallet.Domain.csproj", "{DE783A39-EDDA-6FF8-7714-8C1E172EA8FC}"
EndProject
Project("{FAE04EC0-301F-11D3-BF4B-00C04F79EFBC}") = "Wallet.Contract", "Wallet\Core\Wallet.Contract\Wallet.Contract.csproj", "{2B3DD0DA-BE57-1853-60AA-BFED3A4EE758}"
EndProject
Project("{FAE04EC0-301F-11D3-BF4B-00C04F79EFBC}") = "Wallet.Application", "Wallet\Core\Wallet.Application\Wallet.Application.csproj", "{709F2870-50BE-BDD4-9230-C89F35584A78}"
EndProject
Project("{FAE04EC0-301F-11D3-BF4B-00C04F79EFBC}") = "Wallet.Persistence", "Wallet\Infrastructure\Wallet.Persistence\Wallet.Persistence.csproj", "{FB4CB69C-CF8A-1432-F580-74A185ACB32C}"
EndProject
Project("{FAE04EC0-301F-11D3-BF4B-00C04F79EFBC}") = "Wallet.InnerInfrastructure", "Wallet\Infrastructure\Wallet.InnerInfrastructure\Wallet.InnerInfrastructure.csproj", "{384BF380-D401-1477-8DCD-17DD96598CFD}"
EndProject
Project("{2150E333-8FDC-42A3-9474-1A3956D46DE8}") = "Core", "Core", "{0D3BDEF5-E2D3-4CE4-94E4-9CFFEF534F17}"
EndProject
Project("{2150E333-8FDC-42A3-9474-1A3956D46DE8}") = "Infrastructure", "Infrastructure", "{EE6AE846-51AC-4F31-B3AF-40C253066CC7}"
EndProject
Project("{2150E333-8FDC-42A3-9474-1A3956D46DE8}") = "Api", "Api", "{B895B9EA-0E99-4989-8514-79560A178742}"
EndProject
Global
	GlobalSection(SolutionConfigurationPlatforms) = preSolution
		Debug|Any CPU = Debug|Any CPU
		Release|Any CPU = Release|Any CPU
	EndGlobalSection
	GlobalSection(ProjectConfigurationPlatforms) = postSolution
		{3789CA42-13BF-CAF6-5DDE-52DD3E2E41F3}.Debug|Any CPU.ActiveCfg = Debug|Any CPU
		{3789CA42-13BF-CAF6-5DDE-52DD3E2E41F3}.Debug|Any CPU.Build.0 = Debug|Any CPU
		{3789CA42-13BF-CAF6-5DDE-52DD3E2E41F3}.Release|Any CPU.ActiveCfg = Release|Any CPU
		{3789CA42-13BF-CAF6-5DDE-52DD3E2E41F3}.Release|Any CPU.Build.0 = Release|Any CPU
		{65C480A0-9014-9EDA-77DC-35AAAA8BFEEC}.Debug|Any CPU.ActiveCfg = Debug|Any CPU
		{65C480A0-9014-9EDA-77DC-35AAAA8BFEEC}.Debug|Any CPU.Build.0 = Debug|Any CPU
		{65C480A0-9014-9EDA-77DC-35AAAA8BFEEC}.Release|Any CPU.ActiveCfg = Release|Any CPU
		{65C480A0-9014-9EDA-77DC-35AAAA8BFEEC}.Release|Any CPU.Build.0 = Release|Any CPU
		{B0814599-9369-081D-8910-3AC2E9644BFB}.Debug|Any CPU.ActiveCfg = Debug|Any CPU
		{B0814599-9369-081D-8910-3AC2E9644BFB}.Debug|Any CPU.Build.0 = Debug|Any CPU
		{B0814599-9369-081D-8910-3AC2E9644BFB}.Release|Any CPU.ActiveCfg = Release|Any CPU
		{B0814599-9369-081D-8910-3AC2E9644BFB}.Release|Any CPU.Build.0 = Release|Any CPU
		{76FBF44D-41B0-27B2-A295-FF68AAE5A898}.Debug|Any CPU.ActiveCfg = Debug|Any CPU
		{76FBF44D-41B0-27B2-A295-FF68AAE5A898}.Debug|Any CPU.Build.0 = Debug|Any CPU
		{76FBF44D-41B0-27B2-A295-FF68AAE5A898}.Release|Any CPU.ActiveCfg = Release|Any CPU
		{76FBF44D-41B0-27B2-A295-FF68AAE5A898}.Release|Any CPU.Build.0 = Release|Any CPU
		{2A448125-7C07-A651-F19F-4586243BCE9E}.Debug|Any CPU.ActiveCfg = Debug|Any CPU
		{2A448125-7C07-A651-F19F-4586243BCE9E}.Debug|Any CPU.Build.0 = Debug|Any CPU
		{2A448125-7C07-A651-F19F-4586243BCE9E}.Release|Any CPU.ActiveCfg = Release|Any CPU
		{2A448125-7C07-A651-F19F-4586243BCE9E}.Release|Any CPU.Build.0 = Release|Any CPU
		{B62E96EA-83C6-6A1C-16A9-EFA2CED44C34}.Debug|Any CPU.ActiveCfg = Debug|Any CPU
		{B62E96EA-83C6-6A1C-16A9-EFA2CED44C34}.Debug|Any CPU.Build.0 = Debug|Any CPU
		{B62E96EA-83C6-6A1C-16A9-EFA2CED44C34}.Release|Any CPU.ActiveCfg = Release|Any CPU
		{B62E96EA-83C6-6A1C-16A9-EFA2CED44C34}.Release|Any CPU.Build.0 = Release|Any CPU
		{D83AF72C-B577-4E83-FC8E-20D57B841E48}.Debug|Any CPU.ActiveCfg = Debug|Any CPU
		{D83AF72C-B577-4E83-FC8E-20D57B841E48}.Debug|Any CPU.Build.0 = Debug|Any CPU
		{D83AF72C-B577-4E83-FC8E-20D57B841E48}.Release|Any CPU.ActiveCfg = Release|Any CPU
		{D83AF72C-B577-4E83-FC8E-20D57B841E48}.Release|Any CPU.Build.0 = Release|Any CPU
		{57BB5E65-3C98-D702-4EA8-AB8306B3D898}.Debug|Any CPU.ActiveCfg = Debug|Any CPU
		{57BB5E65-3C98-D702-4EA8-AB8306B3D898}.Debug|Any CPU.Build.0 = Debug|Any CPU
		{57BB5E65-3C98-D702-4EA8-AB8306B3D898}.Release|Any CPU.ActiveCfg = Release|Any CPU
		{57BB5E65-3C98-D702-4EA8-AB8306B3D898}.Release|Any CPU.Build.0 = Release|Any CPU
		{DE783A39-EDDA-6FF8-7714-8C1E172EA8FC}.Debug|Any CPU.ActiveCfg = Debug|Any CPU
		{DE783A39-EDDA-6FF8-7714-8C1E172EA8FC}.Debug|Any CPU.Build.0 = Debug|Any CPU
		{DE783A39-EDDA-6FF8-7714-8C1E172EA8FC}.Release|Any CPU.ActiveCfg = Release|Any CPU
		{DE783A39-EDDA-6FF8-7714-8C1E172EA8FC}.Release|Any CPU.Build.0 = Release|Any CPU
		{2B3DD0DA-BE57-1853-60AA-BFED3A4EE758}.Debug|Any CPU.ActiveCfg = Debug|Any CPU
		{2B3DD0DA-BE57-1853-60AA-BFED3A4EE758}.Debug|Any CPU.Build.0 = Debug|Any CPU
		{2B3DD0DA-BE57-1853-60AA-BFED3A4EE758}.Release|Any CPU.ActiveCfg = Release|Any CPU
		{2B3DD0DA-BE57-1853-60AA-BFED3A4EE758}.Release|Any CPU.Build.0 = Release|Any CPU
		{709F2870-50BE-BDD4-9230-C89F35584A78}.Debug|Any CPU.ActiveCfg = Debug|Any CPU
		{709F2870-50BE-BDD4-9230-C89F35584A78}.Debug|Any CPU.Build.0 = Debug|Any CPU
		{709F2870-50BE-BDD4-9230-C89F35584A78}.Release|Any CPU.ActiveCfg = Release|Any CPU
		{709F2870-50BE-BDD4-9230-C89F35584A78}.Release|Any CPU.Build.0 = Release|Any CPU
		{FB4CB69C-CF8A-1432-F580-74A185ACB32C}.Debug|Any CPU.ActiveCfg = Debug|Any CPU
		{FB4CB69C-CF8A-1432-F580-74A185ACB32C}.Debug|Any CPU.Build.0 = Debug|Any CPU
		{FB4CB69C-CF8A-1432-F580-74A185ACB32C}.Release|Any CPU.ActiveCfg = Release|Any CPU
		{FB4CB69C-CF8A-1432-F580-74A185ACB32C}.Release|Any CPU.Build.0 = Release|Any CPU
		{384BF380-D401-1477-8DCD-17DD96598CFD}.Debug|Any CPU.ActiveCfg = Debug|Any CPU
		{384BF380-D401-1477-8DCD-17DD96598CFD}.Debug|Any CPU.Build.0 = Debug|Any CPU
		{384BF380-D401-1477-8DCD-17DD96598CFD}.Release|Any CPU.ActiveCfg = Release|Any CPU
		{384BF380-D401-1477-8DCD-17DD96598CFD}.Release|Any CPU.Build.0 = Release|Any CPU
	EndGlobalSection
	GlobalSection(SolutionProperties) = preSolution
		HideSolutionNode = FALSE
	EndGlobalSection
	GlobalSection(NestedProjects) = preSolution
		{3789CA42-13BF-CAF6-5DDE-52DD3E2E41F3} = {02EA681E-C7D8-13C7-8484-4AC65E1B71E8}
		{65C480A0-9014-9EDA-77DC-35AAAA8BFEEC} = {93B976C1-46DF-4196-A4AC-2A6AAAE42B86}
		{B0814599-9369-081D-8910-3AC2E9644BFB} = {93B976C1-46DF-4196-A4AC-2A6AAAE42B86}
		{76FBF44D-41B0-27B2-A295-FF68AAE5A898} = {93B976C1-46DF-4196-A4AC-2A6AAAE42B86}
		{2A448125-7C07-A651-F19F-4586243BCE9E} = {4B8467A1-B1BF-4715-B088-BCBB1F424925}
		{B62E96EA-83C6-6A1C-16A9-EFA2CED44C34} = {4B8467A1-B1BF-4715-B088-BCBB1F424925}
		{02EA681E-C7D8-13C7-8484-4AC65E1B71E8} = {2AB541B2-020B-4FBC-AA4C-E2521BAB3FB8}
		{93B976C1-46DF-4196-A4AC-2A6AAAE42B86} = {2AB541B2-020B-4FBC-AA4C-E2521BAB3FB8}
		{4B8467A1-B1BF-4715-B088-BCBB1F424925} = {2AB541B2-020B-4FBC-AA4C-E2521BAB3FB8}
		{D83AF72C-B577-4E83-FC8E-20D57B841E48} = {113B9C5C-67C4-477D-9BE0-96D852BA058D}
		{57BB5E65-3C98-D702-4EA8-AB8306B3D898} = {B895B9EA-0E99-4989-8514-79560A178742}
		{DE783A39-EDDA-6FF8-7714-8C1E172EA8FC} = {0D3BDEF5-E2D3-4CE4-94E4-9CFFEF534F17}
		{2B3DD0DA-BE57-1853-60AA-BFED3A4EE758} = {0D3BDEF5-E2D3-4CE4-94E4-9CFFEF534F17}
		{709F2870-50BE-BDD4-9230-C89F35584A78} = {0D3BDEF5-E2D3-4CE4-94E4-9CFFEF534F17}
		{FB4CB69C-CF8A-1432-F580-74A185ACB32C} = {EE6AE846-51AC-4F31-B3AF-40C253066CC7}
		{384BF380-D401-1477-8DCD-17DD96598CFD} = {EE6AE846-51AC-4F31-B3AF-40C253066CC7}
		{0D3BDEF5-E2D3-4CE4-94E4-9CFFEF534F17} = {803DA18B-B260-4A69-AF2E-3AC8616FF420}
		{EE6AE846-51AC-4F31-B3AF-40C253066CC7} = {803DA18B-B260-4A69-AF2E-3AC8616FF420}
		{B895B9EA-0E99-4989-8514-79560A178742} = {803DA18B-B260-4A69-AF2E-3AC8616FF420}
	EndGlobalSection
	GlobalSection(ExtensibilityGlobals) = postSolution
		SolutionGuid = {C00602B1-8863-4478-AC7C-280B1BA151FC}
	EndGlobalSection
EndGlobal
